# This file is automatically @generated by Cargo.
# It is not intended for manual editing.
version = 3

[[package]]
name = "embedded-rust"
version = "0.1.0"

[[package]]
name = "hello-world"
version = "0.1.0"

[[package]]
name = "lazy_static"
version = "1.4.0"
source = "registry+https://github.com/rust-lang/crates.io-index"
checksum = "e2abad23fbc42b3700f2f279844dc832adb2b2eb069b2df918f455c4e18cc646"

[[package]]
name = "libc"
version = "0.2.126"
source = "registry+https://github.com/rust-lang/crates.io-index"
checksum = "349d5a591cd28b49e1d1037471617a32ddcda5731b99419008085f72d5a53836"

[[package]]
name = "morse-coder"
version = "0.1.0"
dependencies = [
 "rust_gpiozero",
 "tokio",
]

[[package]]
name = "once_cell"
version = "1.12.0"
source = "registry+https://github.com/rust-lang/crates.io-index"
checksum = "7709cef83f0c1f58f666e746a08b21e0085f7440fa6a29cc194d68aac97a4225"

[[package]]
name = "pin-project-lite"
version = "0.2.9"
source = "registry+https://github.com/rust-lang/crates.io-index"
checksum = "e0a7ae3ac2f1173085d398531c705756c94a4c56843785df85a60c1a0afac116"

[[package]]
name = "proc-macro2"
version = "1.0.39"
source = "registry+https://github.com/rust-lang/crates.io-index"
checksum = "c54b25569025b7fc9651de43004ae593a75ad88543b17178aa5e1b9c4f15f56f"
dependencies = [
 "unicode-ident",
]

[[package]]
name = "quote"
version = "1.0.18"
source = "registry+https://github.com/rust-lang/crates.io-index"
checksum = "a1feb54ed693b93a84e14094943b84b7c4eae204c512b7ccb95ab0c66d278ad1"
dependencies = [
 "proc-macro2",
]

[[package]]
name = "rppal"
version = "0.12.0"
source = "registry+https://github.com/rust-lang/crates.io-index"
checksum = "eb26758c881b4837b2f4aef569e4251f75388e36b37204e1804ef429c220121c"
dependencies = [
 "lazy_static",
 "libc",
]

[[package]]
name = "rust_gpiozero"
version = "0.2.1"
source = "registry+https://github.com/rust-lang/crates.io-index"
checksum = "ef0e15226913de082030649dc55bb1db057ffc1c7c2b418454912a85b40523f3"
dependencies = [
 "rppal",
]

[[package]]
name = "syn"
version = "1.0.96"
source = "registry+https://github.com/rust-lang/crates.io-index"
checksum = "0748dd251e24453cb8717f0354206b91557e4ec8703673a4b30208f2abaf1ebf"
dependencies = [
 "proc-macro2",
 "quote",
 "unicode-ident",
]

[[package]]
name = "tokio"
version = "1.19.2"
source = "registry+https://github.com/rust-lang/crates.io-index"
checksum = "c51a52ed6686dd62c320f9b89299e9dfb46f730c7a48e635c19f21d116cb1439"
dependencies = [
 "once_cell",
 "pin-project-lite",
 "tokio-macros",
]

[[package]]
name = "tokio-macros"
version = "1.8.0"
source = "registry+https://github.com/rust-lang/crates.io-index"
checksum = "9724f9a975fb987ef7a3cd9be0350edcbe130698af5b8f7a631e23d42d052484"
dependencies = [
 "proc-macro2",
 "quote",
 "syn",
]

[[package]]
name = "unicode-ident"
version = "1.0.0"
source = "registry+https://github.com/rust-lang/crates.io-index"
checksum = "d22af068fba1eb5edcb4aea19d382b2a3deb4c8f9d475c589b6ada9e0fd493ee"
